// !$*UTF8*$!
{
	archiveVersion = 1;
	classes = {
	};
	objectVersion = 56;
	objects = {

/* Begin PBXBuildFile section */
		572A32412A6A4B0300C67DC9 /* WordViewController.swift in Sources */ = {isa = PBXBuildFile; fileRef = 572A32402A6A4B0300C67DC9 /* WordViewController.swift */; };
		572A32432A6A4D3A00C67DC9 /* Word.storyboard in Resources */ = {isa = PBXBuildFile; fileRef = 572A32422A6A4D3A00C67DC9 /* Word.storyboard */; };
		5740D9EC2A6AC476005FDAC4 /* KakaoViewController.swift in Sources */ = {isa = PBXBuildFile; fileRef = 5740D9EB2A6AC476005FDAC4 /* KakaoViewController.swift */; };
		5740D9EE2A6AD260005FDAC4 /* MelonViewController.swift in Sources */ = {isa = PBXBuildFile; fileRef = 5740D9ED2A6AD260005FDAC4 /* MelonViewController.swift */; };
		5740D9F02A6B7597005FDAC4 /* DeliveryViewController.swift in Sources */ = {isa = PBXBuildFile; fileRef = 5740D9EF2A6B7597005FDAC4 /* DeliveryViewController.swift */; };
		57AE472C2A6A220900E87270 /* AutoLayoutPractice.storyboard in Resources */ = {isa = PBXBuildFile; fileRef = 57AE472B2A6A220900E87270 /* AutoLayoutPractice.storyboard */; };
		57C6DF362A68DAEF003FA46A /* AppDelegate.swift in Sources */ = {isa = PBXBuildFile; fileRef = 57C6DF352A68DAEF003FA46A /* AppDelegate.swift */; };
		57C6DF382A68DAEF003FA46A /* SceneDelegate.swift in Sources */ = {isa = PBXBuildFile; fileRef = 57C6DF372A68DAEF003FA46A /* SceneDelegate.swift */; };
		57C6DF3D2A68DAEF003FA46A /* Main.storyboard in Resources */ = {isa = PBXBuildFile; fileRef = 57C6DF3B2A68DAEF003FA46A /* Main.storyboard */; };
		57C6DF3F2A68DAF0003FA46A /* Assets.xcassets in Resources */ = {isa = PBXBuildFile; fileRef = 57C6DF3E2A68DAF0003FA46A /* Assets.xcassets */; };
		57C6DF422A68DAF0003FA46A /* LaunchScreen.storyboard in Resources */ = {isa = PBXBuildFile; fileRef = 57C6DF402A68DAF0003FA46A /* LaunchScreen.storyboard */; };
		57C6DF4A2A68DBEE003FA46A /* DateViewController.swift in Sources */ = {isa = PBXBuildFile; fileRef = 57C6DF492A68DBEE003FA46A /* DateViewController.swift */; };
/* End PBXBuildFile section */

/* Begin PBXFileReference section */
		572A32402A6A4B0300C67DC9 /* WordViewController.swift */ = {isa = PBXFileReference; lastKnownFileType = sourcecode.swift; path = WordViewController.swift; sourceTree = "<group>"; };
		572A32422A6A4D3A00C67DC9 /* Word.storyboard */ = {isa = PBXFileReference; lastKnownFileType = file.storyboard; path = Word.storyboard; sourceTree = "<group>"; };
		5740D9EB2A6AC476005FDAC4 /* KakaoViewController.swift */ = {isa = PBXFileReference; lastKnownFileType = sourcecode.swift; path = KakaoViewController.swift; sourceTree = "<group>"; };
		5740D9ED2A6AD260005FDAC4 /* MelonViewController.swift */ = {isa = PBXFileReference; lastKnownFileType = sourcecode.swift; path = MelonViewController.swift; sourceTree = "<group>"; };
		5740D9EF2A6B7597005FDAC4 /* DeliveryViewController.swift */ = {isa = PBXFileReference; lastKnownFileType = sourcecode.swift; path = DeliveryViewController.swift; sourceTree = "<group>"; };
		57AE472B2A6A220900E87270 /* AutoLayoutPractice.storyboard */ = {isa = PBXFileReference; lastKnownFileType = file.storyboard; path = AutoLayoutPractice.storyboard; sourceTree = "<group>"; };
		57C6DF322A68DAEF003FA46A /* NewlyCoinedWord.app */ = {isa = PBXFileReference; explicitFileType = wrapper.application; includeInIndex = 0; path = NewlyCoinedWord.app; sourceTree = BUILT_PRODUCTS_DIR; };
		57C6DF352A68DAEF003FA46A /* AppDelegate.swift */ = {isa = PBXFileReference; lastKnownFileType = sourcecode.swift; path = AppDelegate.swift; sourceTree = "<group>"; };
		57C6DF372A68DAEF003FA46A /* SceneDelegate.swift */ = {isa = PBXFileReference; lastKnownFileType = sourcecode.swift; path = SceneDelegate.swift; sourceTree = "<group>"; };
		57C6DF3C2A68DAEF003FA46A /* Base */ = {isa = PBXFileReference; lastKnownFileType = file.storyboard; name = Base; path = Base.lproj/Main.storyboard; sourceTree = "<group>"; };
		57C6DF3E2A68DAF0003FA46A /* Assets.xcassets */ = {isa = PBXFileReference; lastKnownFileType = folder.assetcatalog; path = Assets.xcassets; sourceTree = "<group>"; };
		57C6DF412A68DAF0003FA46A /* Base */ = {isa = PBXFileReference; lastKnownFileType = file.storyboard; name = Base; path = Base.lproj/LaunchScreen.storyboard; sourceTree = "<group>"; };
		57C6DF432A68DAF0003FA46A /* Info.plist */ = {isa = PBXFileReference; lastKnownFileType = text.plist.xml; path = Info.plist; sourceTree = "<group>"; };
		57C6DF492A68DBEE003FA46A /* DateViewController.swift */ = {isa = PBXFileReference; lastKnownFileType = sourcecode.swift; path = DateViewController.swift; sourceTree = "<group>"; };
/* End PBXFileReference section */

/* Begin PBXFrameworksBuildPhase section */
		57C6DF2F2A68DAEF003FA46A /* Frameworks */ = {
			isa = PBXFrameworksBuildPhase;
			buildActionMask = 2147483647;
			files = (
			);
			runOnlyForDeploymentPostprocessing = 0;
		};
/* End PBXFrameworksBuildPhase section */

/* Begin PBXGroup section */
		57C6DF292A68DAEF003FA46A = {
			isa = PBXGroup;
			children = (
				57C6DF342A68DAEF003FA46A /* NewlyCoinedWord */,
				57C6DF332A68DAEF003FA46A /* Products */,
			);
			sourceTree = "<group>";
		};
		57C6DF332A68DAEF003FA46A /* Products */ = {
			isa = PBXGroup;
			children = (
				57C6DF322A68DAEF003FA46A /* NewlyCoinedWord.app */,
			);
			name = Products;
			sourceTree = "<group>";
		};
		57C6DF342A68DAEF003FA46A /* NewlyCoinedWord */ = {
			isa = PBXGroup;
			children = (
				57C6DF352A68DAEF003FA46A /* AppDelegate.swift */,
				57C6DF372A68DAEF003FA46A /* SceneDelegate.swift */,
				57C6DF3B2A68DAEF003FA46A /* Main.storyboard */,
				57C6DF492A68DBEE003FA46A /* DateViewController.swift */,
				572A32422A6A4D3A00C67DC9 /* Word.storyboard */,
				572A32402A6A4B0300C67DC9 /* WordViewController.swift */,
				57AE472B2A6A220900E87270 /* AutoLayoutPractice.storyboard */,
				5740D9EF2A6B7597005FDAC4 /* DeliveryViewController.swift */,
				5740D9ED2A6AD260005FDAC4 /* MelonViewController.swift */,
				5740D9EB2A6AC476005FDAC4 /* KakaoViewController.swift */,
				57C6DF3E2A68DAF0003FA46A /* Assets.xcassets */,
				57C6DF402A68DAF0003FA46A /* LaunchScreen.storyboard */,
				57C6DF432A68DAF0003FA46A /* Info.plist */,
			);
			path = NewlyCoinedWord;
			sourceTree = "<group>";
		};
/* End PBXGroup section */

/* Begin PBXNativeTarget section */
		57C6DF312A68DAEF003FA46A /* NewlyCoinedWord */ = {
			isa = PBXNativeTarget;
			buildConfigurationList = 57C6DF462A68DAF0003FA46A /* Build configuration list for PBXNativeTarget "NewlyCoinedWord" */;
			buildPhases = (
				57C6DF2E2A68DAEF003FA46A /* Sources */,
				57C6DF2F2A68DAEF003FA46A /* Frameworks */,
				57C6DF302A68DAEF003FA46A /* Resources */,
			);
			buildRules = (
			);
			dependencies = (
			);
			name = NewlyCoinedWord;
			productName = NewlyCoinedWord;
			productReference = 57C6DF322A68DAEF003FA46A /* NewlyCoinedWord.app */;
			productType = "com.apple.product-type.application";
		};
/* End PBXNativeTarget section */

/* Begin PBXProject section */
		57C6DF2A2A68DAEF003FA46A /* Project object */ = {
			isa = PBXProject;
			attributes = {
				BuildIndependentTargetsInParallel = 1;
				LastSwiftUpdateCheck = 1430;
				LastUpgradeCheck = 1430;
				TargetAttributes = {
					57C6DF312A68DAEF003FA46A = {
						CreatedOnToolsVersion = 14.3.1;
					};
				};
			};
			buildConfigurationList = 57C6DF2D2A68DAEF003FA46A /* Build configuration list for PBXProject "NewlyCoinedWord" */;
			compatibilityVersion = "Xcode 14.0";
			developmentRegion = en;
			hasScannedForEncodings = 0;
			knownRegions = (
				en,
				Base,
			);
			mainGroup = 57C6DF292A68DAEF003FA46A;
			productRefGroup = 57C6DF332A68DAEF003FA46A /* Products */;
			projectDirPath = "";
			projectRoot = "";
			targets = (
				57C6DF312A68DAEF003FA46A /* NewlyCoinedWord */,
			);
		};
/* End PBXProject section */

/* Begin PBXResourcesBuildPhase section */
		57C6DF302A68DAEF003FA46A /* Resources */ = {
			isa = PBXResourcesBuildPhase;
			buildActionMask = 2147483647;
			files = (
				57C6DF422A68DAF0003FA46A /* LaunchScreen.storyboard in Resources */,
				57C6DF3F2A68DAF0003FA46A /* Assets.xcassets in Resources */,
				572A32432A6A4D3A00C67DC9 /* Word.storyboard in Resources */,
				57AE472C2A6A220900E87270 /* AutoLayoutPractice.storyboard in Resources */,
				57C6DF3D2A68DAEF003FA46A /* Main.storyboard in Resources */,
			);
			runOnlyForDeploymentPostprocessing = 0;
		};
/* End PBXResourcesBuildPhase section */

/* Begin PBXSourcesBuildPhase section */
		57C6DF2E2A68DAEF003FA46A /* Sources */ = {
			isa = PBXSourcesBuildPhase;
			buildActionMask = 2147483647;
			files = (
				5740D9EE2A6AD260005FDAC4 /* MelonViewController.swift in Sources */,
				57C6DF4A2A68DBEE003FA46A /* DateViewController.swift in Sources */,
				572A32412A6A4B0300C67DC9 /* WordViewController.swift in Sources */,
				5740D9F02A6B7597005FDAC4 /* DeliveryViewController.swift in Sources */,
				57C6DF362A68DAEF003FA46A /* AppDelegate.swift in Sources */,
				57C6DF382A68DAEF003FA46A /* SceneDelegate.swift in Sources */,
				5740D9EC2A6AC476005FDAC4 /* KakaoViewController.swift in Sources */,
			);
			runOnlyForDeploymentPostprocessing = 0;
		};
/* End PBXSourcesBuildPhase section */

/* Begin PBXVariantGroup section */
		57C6DF3B2A68DAEF003FA46A /* Main.storyboard */ = {
			isa = PBXVariantGroup;
			children = (
				57C6DF3C2A68DAEF003FA46A /* Base */,
			);
			name = Main.storyboard;
			sourceTree = "<group>";
		};
		57C6DF402A68DAF0003FA46A /* LaunchScreen.storyboard */ = {
			isa = PBXVariantGroup;
			children = (
				57C6DF412A68DAF0003FA46A /* Base */,
			);
			name = LaunchScreen.storyboard;
			sourceTree = "<group>";
		};
/* End PBXVariantGroup section */

/* Begin XCBuildConfiguration section */
		57C6DF442A68DAF0003FA46A /* Debug */ = {
			isa = XCBuildConfiguration;
			buildSettings = {
				ALWAYS_SEARCH_USER_PATHS = NO;
				CLANG_ANALYZER_NONNULL = YES;
				CLANG_ANALYZER_NUMBER_OBJECT_CONVERSION = YES_AGGRESSIVE;
				CLANG_CXX_LANGUAGE_STANDARD = "gnu++20";
				CLANG_ENABLE_MODULES = YES;
				CLANG_ENABLE_OBJC_ARC = YES;
				CLANG_ENABLE_OBJC_WEAK = YES;
				CLANG_WARN_BLOCK_CAPTURE_AUTORELEASING = YES;
				CLANG_WARN_BOOL_CONVERSION = YES;
				CLANG_WARN_COMMA = YES;
				CLANG_WARN_CONSTANT_CONVERSION = YES;
				CLANG_WARN_DEPRECATED_OBJC_IMPLEMENTATIONS = YES;
				CLANG_WARN_DIRECT_OBJC_ISA_USAGE = YES_ERROR;
				CLANG_WARN_DOCUMENTATION_COMMENTS = YES;
				CLANG_WARN_EMPTY_BODY = YES;
				CLANG_WARN_ENUM_CONVERSION = YES;
				CLANG_WARN_INFINITE_RECURSION = YES;
				CLANG_WARN_INT_CONVERSION = YES;
				CLANG_WARN_NON_LITERAL_NULL_CONVERSION = YES;
				CLANG_WARN_OBJC_IMPLICIT_RETAIN_SELF = YES;
				CLANG_WARN_OBJC_LITERAL_CONVERSION = YES;
				CLANG_WARN_OBJC_ROOT_CLASS = YES_ERROR;
				CLANG_WARN_QUOTED_INCLUDE_IN_FRAMEWORK_HEADER = YES;
				CLANG_WARN_RANGE_LOOP_ANALYSIS = YES;
				CLANG_WARN_STRICT_PROTOTYPES = YES;
				CLANG_WARN_SUSPICIOUS_MOVE = YES;
				CLANG_WARN_UNGUARDED_AVAILABILITY = YES_AGGRESSIVE;
				CLANG_WARN_UNREACHABLE_CODE = YES;
				CLANG_WARN__DUPLICATE_METHOD_MATCH = YES;
				COPY_PHASE_STRIP = NO;
				DEBUG_INFORMATION_FORMAT = dwarf;
				ENABLE_STRICT_OBJC_MSGSEND = YES;
				ENABLE_TESTABILITY = YES;
				GCC_C_LANGUAGE_STANDARD = gnu11;
				GCC_DYNAMIC_NO_PIC = NO;
				GCC_NO_COMMON_BLOCKS = YES;
				GCC_OPTIMIZATION_LEVEL = 0;
				GCC_PREPROCESSOR_DEFINITIONS = (
					"DEBUG=1",
					"$(inherited)",
				);
				GCC_WARN_64_TO_32_BIT_CONVERSION = YES;
				GCC_WARN_ABOUT_RETURN_TYPE = YES_ERROR;
				GCC_WARN_UNDECLARED_SELECTOR = YES;
				GCC_WARN_UNINITIALIZED_AUTOS = YES_AGGRESSIVE;
				GCC_WARN_UNUSED_FUNCTION = YES;
				GCC_WARN_UNUSED_VARIABLE = YES;
				IPHONEOS_DEPLOYMENT_TARGET = 16.4;
				MTL_ENABLE_DEBUG_INFO = INCLUDE_SOURCE;
				MTL_FAST_MATH = YES;
				ONLY_ACTIVE_ARCH = YES;
				SDKROOT = iphoneos;
				SWIFT_ACTIVE_COMPILATION_CONDITIONS = DEBUG;
				SWIFT_OPTIMIZATION_LEVEL = "-Onone";
			};
			name = Debug;
		};
		57C6DF452A68DAF0003FA46A /* Release */ = {
			isa = XCBuildConfiguration;
			buildSettings = {
				ALWAYS_SEARCH_USER_PATHS = NO;
				CLANG_ANALYZER_NONNULL = YES;
				CLANG_ANALYZER_NUMBER_OBJECT_CONVERSION = YES_AGGRESSIVE;
				CLANG_CXX_LANGUAGE_STANDARD = "gnu++20";
				CLANG_ENABLE_MODULES = YES;
				CLANG_ENABLE_OBJC_ARC = YES;
				CLANG_ENABLE_OBJC_WEAK = YES;
				CLANG_WARN_BLOCK_CAPTURE_AUTORELEASING = YES;
				CLANG_WARN_BOOL_CONVERSION = YES;
				CLANG_WARN_COMMA = YES;
				CLANG_WARN_CONSTANT_CONVERSION = YES;
				CLANG_WARN_DEPRECATED_OBJC_IMPLEMENTATIONS = YES;
				CLANG_WARN_DIRECT_OBJC_ISA_USAGE = YES_ERROR;
				CLANG_WARN_DOCUMENTATION_COMMENTS = YES;
				CLANG_WARN_EMPTY_BODY = YES;
				CLANG_WARN_ENUM_CONVERSION = YES;
				CLANG_WARN_INFINITE_RECURSION = YES;
				CLANG_WARN_INT_CONVERSION = YES;
				CLANG_WARN_NON_LITERAL_NULL_CONVERSION = YES;
				CLANG_WARN_OBJC_IMPLICIT_RETAIN_SELF = YES;
				CLANG_WARN_OBJC_LITERAL_CONVERSION = YES;
				CLANG_WARN_OBJC_ROOT_CLASS = YES_ERROR;
				CLANG_WARN_QUOTED_INCLUDE_IN_FRAMEWORK_HEADER = YES;
				CLANG_WARN_RANGE_LOOP_ANALYSIS = YES;
				CLANG_WARN_STRICT_PROTOTYPES = YES;
				CLANG_WARN_SUSPICIOUS_MOVE = YES;
				CLANG_WARN_UNGUARDED_AVAILABILITY = YES_AGGRESSIVE;
				CLANG_WARN_UNREACHABLE_CODE = YES;
				CLANG_WARN__DUPLICATE_METHOD_MATCH = YES;
				COPY_PHASE_STRIP = NO;
				DEBUG_INFORMATION_FORMAT = "dwarf-with-dsym";
				ENABLE_NS_ASSERTIONS = NO;
				ENABLE_STRICT_OBJC_MSGSEND = YES;
				GCC_C_LANGUAGE_STANDARD = gnu11;
				GCC_NO_COMMON_BLOCKS = YES;
				GCC_WARN_64_TO_32_BIT_CONVERSION = YES;
				GCC_WARN_ABOUT_RETURN_TYPE = YES_ERROR;
				GCC_WARN_UNDECLARED_SELECTOR = YES;
				GCC_WARN_UNINITIALIZED_AUTOS = YES_AGGRESSIVE;
				GCC_WARN_UNUSED_FUNCTION = YES;
				GCC_WARN_UNUSED_VARIABLE = YES;
				IPHONEOS_DEPLOYMENT_TARGET = 16.4;
				MTL_ENABLE_DEBUG_INFO = NO;
				MTL_FAST_MATH = YES;
				SDKROOT = iphoneos;
				SWIFT_COMPILATION_MODE = wholemodule;
				SWIFT_OPTIMIZATION_LEVEL = "-O";
				VALIDATE_PRODUCT = YES;
			};
			name = Release;
		};
		57C6DF472A68DAF0003FA46A /* Debug */ = {
			isa = XCBuildConfiguration;
			buildSettings = {
				ASSETCATALOG_COMPILER_APPICON_NAME = AppIcon;
				ASSETCATALOG_COMPILER_GLOBAL_ACCENT_COLOR_NAME = AccentColor;
				CODE_SIGN_STYLE = Automatic;
				CURRENT_PROJECT_VERSION = 1;
				DEVELOPMENT_TEAM = YTV3AHP8X4;
				GENERATE_INFOPLIST_FILE = YES;
				INFOPLIST_FILE = NewlyCoinedWord/Info.plist;
				INFOPLIST_KEY_UIApplicationSupportsIndirectInputEvents = YES;
				INFOPLIST_KEY_UILaunchStoryboardName = LaunchScreen;
				INFOPLIST_KEY_UIMainStoryboardFile = Main;
				INFOPLIST_KEY_UISupportedInterfaceOrientations_iPad = "UIInterfaceOrientationPortrait UIInterfaceOrientationPortraitUpsideDown UIInterfaceOrientationLandscapeLeft UIInterfaceOrientationLandscapeRight";
				INFOPLIST_KEY_UISupportedInterfaceOrientations_iPhone = "UIInterfaceOrientationPortrait UIInterfaceOrientationLandscapeLeft UIInterfaceOrientationLandscapeRight";
				IPHONEOS_DEPLOYMENT_TARGET = 13.4;
				LD_RUNPATH_SEARCH_PATHS = (
					"$(inherited)",
					"@executable_path/Frameworks",
				);
				MARKETING_VERSION = 1.0;
				PRODUCT_BUNDLE_IDENTIFIER = com.sesac.alex.NewlyCoinedWord;
				PRODUCT_NAME = "$(TARGET_NAME)";
				SWIFT_EMIT_LOC_STRINGS = YES;
				SWIFT_VERSION = 5.0;
				TARGETED_DEVICE_FAMILY = "1,2";
			};
			name = Debug;
		};
		57C6DF482A68DAF0003FA46A /* Release */ = {
			isa = XCBuildConfiguration;
			buildSettings = {
				ASSETCATALOG_COMPILER_APPICON_NAME = AppIcon;
				ASSETCATALOG_COMPILER_GLOBAL_ACCENT_COLOR_NAME = AccentColor;
				CODE_SIGN_STYLE = Automatic;
				CURRENT_PROJECT_VERSION = 1;
				DEVELOPMENT_TEAM = YTV3AHP8X4;
				GENERATE_INFOPLIST_FILE = YES;
				INFOPLIST_FILE = NewlyCoinedWord/Info.plist;
				INFOPLIST_KEY_UIApplicationSupportsIndirectInputEvents = YES;
				INFOPLIST_KEY_UILaunchStoryboardName = LaunchScreen;
				INFOPLIST_KEY_UIMainStoryboardFile = Main;
				INFOPLIST_KEY_UISupportedInterfaceOrientations_iPad = "UIInterfaceOrientationPortrait UIInterfaceOrientationPortraitUpsideDown UIInterfaceOrientationLandscapeLeft UIInterfaceOrientationLandscapeRight";
				INFOPLIST_KEY_UISupportedInterfaceOrientations_iPhone = "UIInterfaceOrientationPortrait UIInterfaceOrientationLandscapeLeft UIInterfaceOrientationLandscapeRight";
				IPHONEOS_DEPLOYMENT_TARGET = 13.4;
				LD_RUNPATH_SEARCH_PATHS = (
					"$(inherited)",
					"@executable_path/Frameworks",
				);
				MARKETING_VERSION = 1.0;
				PRODUCT_BUNDLE_IDENTIFIER = com.sesac.alex.NewlyCoinedWord;
				PRODUCT_NAME = "$(TARGET_NAME)";
				SWIFT_EMIT_LOC_STRINGS = YES;
				SWIFT_VERSION = 5.0;
				TARGETED_DEVICE_FAMILY = "1,2";
			};
			name = Release;
		};
/* End XCBuildConfiguration section */

/* Begin XCConfigurationList section */
		57C6DF2D2A68DAEF003FA46A /* Build configuration list for PBXProject "NewlyCoinedWord" */ = {
			isa = XCConfigurationList;
			buildConfigurations = (
				57C6DF442A68DAF0003FA46A /* Debug */,
				57C6DF452A68DAF0003FA46A /* Release */,
			);
			defaultConfigurationIsVisible = 0;
			defaultConfigurationName = Release;
		};
		57C6DF462A68DAF0003FA46A /* Build configuration list for PBXNativeTarget "NewlyCoinedWord" */ = {
			isa = XCConfigurationList;
			buildConfigurations = (
				57C6DF472A68DAF0003FA46A /* Debug */,
				57C6DF482A68DAF0003FA46A /* Release */,
			);
			defaultConfigurationIsVisible = 0;
			defaultConfigurationName = Release;
		};
/* End XCConfigurationList section */
	};
	rootObject = 57C6DF2A2A68DAEF003FA46A /* Project object */;
}
