// !$*UTF8*$!
{
	archiveVersion = 1;
	classes = {
	};
	objectVersion = 56;
	objects = {

/* Begin PBXBuildFile section */
		5722B5592A773A5600D115FB /* AppDelegate.swift in Sources */ = {isa = PBXBuildFile; fileRef = 5722B5582A773A5600D115FB /* AppDelegate.swift */; };
		5722B55B2A773A5600D115FB /* SceneDelegate.swift in Sources */ = {isa = PBXBuildFile; fileRef = 5722B55A2A773A5600D115FB /* SceneDelegate.swift */; };
		5722B5602A773A5600D115FB /* Main.storyboard in Resources */ = {isa = PBXBuildFile; fileRef = 5722B55E2A773A5600D115FB /* Main.storyboard */; };
		5722B5622A773A5700D115FB /* Assets.xcassets in Resources */ = {isa = PBXBuildFile; fileRef = 5722B5612A773A5700D115FB /* Assets.xcassets */; };
		5722B5652A773A5700D115FB /* LaunchScreen.storyboard in Resources */ = {isa = PBXBuildFile; fileRef = 5722B5632A773A5700D115FB /* LaunchScreen.storyboard */; };
		5722B56D2A773ACD00D115FB /* DiaryTableViewController.swift in Sources */ = {isa = PBXBuildFile; fileRef = 5722B56C2A773ACD00D115FB /* DiaryTableViewController.swift */; };
		5722B5722A773BBC00D115FB /* DiaryTableViewCell.swift in Sources */ = {isa = PBXBuildFile; fileRef = 5722B5702A773BBC00D115FB /* DiaryTableViewCell.swift */; };
		5722B5732A773BBC00D115FB /* DiaryTableViewCell.xib in Resources */ = {isa = PBXBuildFile; fileRef = 5722B5712A773BBC00D115FB /* DiaryTableViewCell.xib */; };
		5722B5772A774E3F00D115FB /* AddViewController.swift in Sources */ = {isa = PBXBuildFile; fileRef = 5722B5762A774E3F00D115FB /* AddViewController.swift */; };
		5722B5792A7752A500D115FB /* DetailViewController.swift in Sources */ = {isa = PBXBuildFile; fileRef = 5722B5782A7752A500D115FB /* DetailViewController.swift */; };
		57B7097F2A789B3900713D96 /* SettingTableViewController.swift in Sources */ = {isa = PBXBuildFile; fileRef = 57B7097E2A789B3900713D96 /* SettingTableViewController.swift */; };
		57B709812A789FB700713D96 /* SettingTableViewCell.swift in Sources */ = {isa = PBXBuildFile; fileRef = 57B709802A789FB700713D96 /* SettingTableViewCell.swift */; };
		57E217762A77625800ABE482 /* Extension+UIViewController.swift in Sources */ = {isa = PBXBuildFile; fileRef = 57E217752A77625800ABE482 /* Extension+UIViewController.swift */; };
		57E217782A77796400ABE482 /* SearchCollectionViewController.swift in Sources */ = {isa = PBXBuildFile; fileRef = 57E217772A77796400ABE482 /* SearchCollectionViewController.swift */; };
		57E2177B2A777AC100ABE482 /* SearchCollectionViewCell.swift in Sources */ = {isa = PBXBuildFile; fileRef = 57E217792A777AC100ABE482 /* SearchCollectionViewCell.swift */; };
		57E2177C2A777AC100ABE482 /* SearchCollectionViewCell.xib in Resources */ = {isa = PBXBuildFile; fileRef = 57E2177A2A777AC100ABE482 /* SearchCollectionViewCell.xib */; };
/* End PBXBuildFile section */

/* Begin PBXFileReference section */
		5722B5552A773A5600D115FB /* OneLineDiary.app */ = {isa = PBXFileReference; explicitFileType = wrapper.application; includeInIndex = 0; path = OneLineDiary.app; sourceTree = BUILT_PRODUCTS_DIR; };
		5722B5582A773A5600D115FB /* AppDelegate.swift */ = {isa = PBXFileReference; lastKnownFileType = sourcecode.swift; path = AppDelegate.swift; sourceTree = "<group>"; };
		5722B55A2A773A5600D115FB /* SceneDelegate.swift */ = {isa = PBXFileReference; lastKnownFileType = sourcecode.swift; path = SceneDelegate.swift; sourceTree = "<group>"; };
		5722B55F2A773A5600D115FB /* Base */ = {isa = PBXFileReference; lastKnownFileType = file.storyboard; name = Base; path = Base.lproj/Main.storyboard; sourceTree = "<group>"; };
		5722B5612A773A5700D115FB /* Assets.xcassets */ = {isa = PBXFileReference; lastKnownFileType = folder.assetcatalog; path = Assets.xcassets; sourceTree = "<group>"; };
		5722B5642A773A5700D115FB /* Base */ = {isa = PBXFileReference; lastKnownFileType = file.storyboard; name = Base; path = Base.lproj/LaunchScreen.storyboard; sourceTree = "<group>"; };
		5722B5662A773A5700D115FB /* Info.plist */ = {isa = PBXFileReference; lastKnownFileType = text.plist.xml; path = Info.plist; sourceTree = "<group>"; };
		5722B56C2A773ACD00D115FB /* DiaryTableViewController.swift */ = {isa = PBXFileReference; lastKnownFileType = sourcecode.swift; path = DiaryTableViewController.swift; sourceTree = "<group>"; };
		5722B5702A773BBC00D115FB /* DiaryTableViewCell.swift */ = {isa = PBXFileReference; lastKnownFileType = sourcecode.swift; path = DiaryTableViewCell.swift; sourceTree = "<group>"; };
		5722B5712A773BBC00D115FB /* DiaryTableViewCell.xib */ = {isa = PBXFileReference; lastKnownFileType = file.xib; path = DiaryTableViewCell.xib; sourceTree = "<group>"; };
		5722B5762A774E3F00D115FB /* AddViewController.swift */ = {isa = PBXFileReference; lastKnownFileType = sourcecode.swift; path = AddViewController.swift; sourceTree = "<group>"; };
		5722B5782A7752A500D115FB /* DetailViewController.swift */ = {isa = PBXFileReference; lastKnownFileType = sourcecode.swift; path = DetailViewController.swift; sourceTree = "<group>"; };
		57B7097E2A789B3900713D96 /* SettingTableViewController.swift */ = {isa = PBXFileReference; lastKnownFileType = sourcecode.swift; path = SettingTableViewController.swift; sourceTree = "<group>"; };
		57B709802A789FB700713D96 /* SettingTableViewCell.swift */ = {isa = PBXFileReference; lastKnownFileType = sourcecode.swift; name = SettingTableViewCell.swift; path = OneLineDiary/SettingTableViewCell.swift; sourceTree = "<group>"; };
		57E217752A77625800ABE482 /* Extension+UIViewController.swift */ = {isa = PBXFileReference; lastKnownFileType = sourcecode.swift; path = "Extension+UIViewController.swift"; sourceTree = "<group>"; };
		57E217772A77796400ABE482 /* SearchCollectionViewController.swift */ = {isa = PBXFileReference; lastKnownFileType = sourcecode.swift; path = SearchCollectionViewController.swift; sourceTree = "<group>"; };
		57E217792A777AC100ABE482 /* SearchCollectionViewCell.swift */ = {isa = PBXFileReference; lastKnownFileType = sourcecode.swift; path = SearchCollectionViewCell.swift; sourceTree = "<group>"; };
		57E2177A2A777AC100ABE482 /* SearchCollectionViewCell.xib */ = {isa = PBXFileReference; lastKnownFileType = file.xib; path = SearchCollectionViewCell.xib; sourceTree = "<group>"; };
/* End PBXFileReference section */

/* Begin PBXFrameworksBuildPhase section */
		5722B5522A773A5600D115FB /* Frameworks */ = {
			isa = PBXFrameworksBuildPhase;
			buildActionMask = 2147483647;
			files = (
			);
			runOnlyForDeploymentPostprocessing = 0;
		};
/* End PBXFrameworksBuildPhase section */

/* Begin PBXGroup section */
		5722B54C2A773A5600D115FB = {
			isa = PBXGroup;
			children = (
				57B709802A789FB700713D96 /* SettingTableViewCell.swift */,
				5722B5572A773A5600D115FB /* OneLineDiary */,
				5722B5562A773A5600D115FB /* Products */,
			);
			sourceTree = "<group>";
		};
		5722B5562A773A5600D115FB /* Products */ = {
			isa = PBXGroup;
			children = (
				5722B5552A773A5600D115FB /* OneLineDiary.app */,
			);
			name = Products;
			sourceTree = "<group>";
		};
		5722B5572A773A5600D115FB /* OneLineDiary */ = {
			isa = PBXGroup;
			children = (
				5722B5582A773A5600D115FB /* AppDelegate.swift */,
				5722B55A2A773A5600D115FB /* SceneDelegate.swift */,
				57E217752A77625800ABE482 /* Extension+UIViewController.swift */,
				5722B56C2A773ACD00D115FB /* DiaryTableViewController.swift */,
				5722B5762A774E3F00D115FB /* AddViewController.swift */,
				5722B5782A7752A500D115FB /* DetailViewController.swift */,
				57E217772A77796400ABE482 /* SearchCollectionViewController.swift */,
				5722B5712A773BBC00D115FB /* DiaryTableViewCell.xib */,
				5722B5702A773BBC00D115FB /* DiaryTableViewCell.swift */,
				57E2177A2A777AC100ABE482 /* SearchCollectionViewCell.xib */,
				57E217792A777AC100ABE482 /* SearchCollectionViewCell.swift */,
				5722B55E2A773A5600D115FB /* Main.storyboard */,
				57B7097E2A789B3900713D96 /* SettingTableViewController.swift */,
				5722B5612A773A5700D115FB /* Assets.xcassets */,
				5722B5632A773A5700D115FB /* LaunchScreen.storyboard */,
				5722B5662A773A5700D115FB /* Info.plist */,
			);
			path = OneLineDiary;
			sourceTree = "<group>";
		};
/* End PBXGroup section */

/* Begin PBXNativeTarget section */
		5722B5542A773A5600D115FB /* OneLineDiary */ = {
			isa = PBXNativeTarget;
			buildConfigurationList = 5722B5692A773A5700D115FB /* Build configuration list for PBXNativeTarget "OneLineDiary" */;
			buildPhases = (
				5722B5512A773A5600D115FB /* Sources */,
				5722B5522A773A5600D115FB /* Frameworks */,
				5722B5532A773A5600D115FB /* Resources */,
			);
			buildRules = (
			);
			dependencies = (
			);
			name = OneLineDiary;
			productName = OneLineDiary;
			productReference = 5722B5552A773A5600D115FB /* OneLineDiary.app */;
			productType = "com.apple.product-type.application";
		};
/* End PBXNativeTarget section */

/* Begin PBXProject section */
		5722B54D2A773A5600D115FB /* Project object */ = {
			isa = PBXProject;
			attributes = {
				BuildIndependentTargetsInParallel = 1;
				LastSwiftUpdateCheck = 1430;
				LastUpgradeCheck = 1430;
				TargetAttributes = {
					5722B5542A773A5600D115FB = {
						CreatedOnToolsVersion = 14.3.1;
					};
				};
			};
			buildConfigurationList = 5722B5502A773A5600D115FB /* Build configuration list for PBXProject "OneLineDiary" */;
			compatibilityVersion = "Xcode 14.0";
			developmentRegion = en;
			hasScannedForEncodings = 0;
			knownRegions = (
				en,
				Base,
			);
			mainGroup = 5722B54C2A773A5600D115FB;
			productRefGroup = 5722B5562A773A5600D115FB /* Products */;
			projectDirPath = "";
			projectRoot = "";
			targets = (
				5722B5542A773A5600D115FB /* OneLineDiary */,
			);
		};
/* End PBXProject section */

/* Begin PBXResourcesBuildPhase section */
		5722B5532A773A5600D115FB /* Resources */ = {
			isa = PBXResourcesBuildPhase;
			buildActionMask = 2147483647;
			files = (
				5722B5652A773A5700D115FB /* LaunchScreen.storyboard in Resources */,
				5722B5622A773A5700D115FB /* Assets.xcassets in Resources */,
				57E2177C2A777AC100ABE482 /* SearchCollectionViewCell.xib in Resources */,
				5722B5602A773A5600D115FB /* Main.storyboard in Resources */,
				5722B5732A773BBC00D115FB /* DiaryTableViewCell.xib in Resources */,
			);
			runOnlyForDeploymentPostprocessing = 0;
		};
/* End PBXResourcesBuildPhase section */

/* Begin PBXSourcesBuildPhase section */
		5722B5512A773A5600D115FB /* Sources */ = {
			isa = PBXSourcesBuildPhase;
			buildActionMask = 2147483647;
			files = (
				57B709812A789FB700713D96 /* SettingTableViewCell.swift in Sources */,
				57E217782A77796400ABE482 /* SearchCollectionViewController.swift in Sources */,
				5722B5772A774E3F00D115FB /* AddViewController.swift in Sources */,
				57E217762A77625800ABE482 /* Extension+UIViewController.swift in Sources */,
				5722B5722A773BBC00D115FB /* DiaryTableViewCell.swift in Sources */,
				57B7097F2A789B3900713D96 /* SettingTableViewController.swift in Sources */,
				5722B56D2A773ACD00D115FB /* DiaryTableViewController.swift in Sources */,
				5722B5792A7752A500D115FB /* DetailViewController.swift in Sources */,
				5722B5592A773A5600D115FB /* AppDelegate.swift in Sources */,
				5722B55B2A773A5600D115FB /* SceneDelegate.swift in Sources */,
				57E2177B2A777AC100ABE482 /* SearchCollectionViewCell.swift in Sources */,
			);
			runOnlyForDeploymentPostprocessing = 0;
		};
/* End PBXSourcesBuildPhase section */

/* Begin PBXVariantGroup section */
		5722B55E2A773A5600D115FB /* Main.storyboard */ = {
			isa = PBXVariantGroup;
			children = (
				5722B55F2A773A5600D115FB /* Base */,
			);
			name = Main.storyboard;
			sourceTree = "<group>";
		};
		5722B5632A773A5700D115FB /* LaunchScreen.storyboard */ = {
			isa = PBXVariantGroup;
			children = (
				5722B5642A773A5700D115FB /* Base */,
			);
			name = LaunchScreen.storyboard;
			sourceTree = "<group>";
		};
/* End PBXVariantGroup section */

/* Begin XCBuildConfiguration section */
		5722B5672A773A5700D115FB /* Debug */ = {
			isa = XCBuildConfiguration;
			buildSettings = {
				ALWAYS_SEARCH_USER_PATHS = NO;
				CLANG_ANALYZER_NONNULL = YES;
				CLANG_ANALYZER_NUMBER_OBJECT_CONVERSION = YES_AGGRESSIVE;
				CLANG_CXX_LANGUAGE_STANDARD = "gnu++20";
				CLANG_ENABLE_MODULES = YES;
				CLANG_ENABLE_OBJC_ARC = YES;
				CLANG_ENABLE_OBJC_WEAK = YES;
				CLANG_WARN_BLOCK_CAPTURE_AUTORELEASING = YES;
				CLANG_WARN_BOOL_CONVERSION = YES;
				CLANG_WARN_COMMA = YES;
				CLANG_WARN_CONSTANT_CONVERSION = YES;
				CLANG_WARN_DEPRECATED_OBJC_IMPLEMENTATIONS = YES;
				CLANG_WARN_DIRECT_OBJC_ISA_USAGE = YES_ERROR;
				CLANG_WARN_DOCUMENTATION_COMMENTS = YES;
				CLANG_WARN_EMPTY_BODY = YES;
				CLANG_WARN_ENUM_CONVERSION = YES;
				CLANG_WARN_INFINITE_RECURSION = YES;
				CLANG_WARN_INT_CONVERSION = YES;
				CLANG_WARN_NON_LITERAL_NULL_CONVERSION = YES;
				CLANG_WARN_OBJC_IMPLICIT_RETAIN_SELF = YES;
				CLANG_WARN_OBJC_LITERAL_CONVERSION = YES;
				CLANG_WARN_OBJC_ROOT_CLASS = YES_ERROR;
				CLANG_WARN_QUOTED_INCLUDE_IN_FRAMEWORK_HEADER = YES;
				CLANG_WARN_RANGE_LOOP_ANALYSIS = YES;
				CLANG_WARN_STRICT_PROTOTYPES = YES;
				CLANG_WARN_SUSPICIOUS_MOVE = YES;
				CLANG_WARN_UNGUARDED_AVAILABILITY = YES_AGGRESSIVE;
				CLANG_WARN_UNREACHABLE_CODE = YES;
				CLANG_WARN__DUPLICATE_METHOD_MATCH = YES;
				COPY_PHASE_STRIP = NO;
				DEBUG_INFORMATION_FORMAT = dwarf;
				ENABLE_STRICT_OBJC_MSGSEND = YES;
				ENABLE_TESTABILITY = YES;
				GCC_C_LANGUAGE_STANDARD = gnu11;
				GCC_DYNAMIC_NO_PIC = NO;
				GCC_NO_COMMON_BLOCKS = YES;
				GCC_OPTIMIZATION_LEVEL = 0;
				GCC_PREPROCESSOR_DEFINITIONS = (
					"DEBUG=1",
					"$(inherited)",
				);
				GCC_WARN_64_TO_32_BIT_CONVERSION = YES;
				GCC_WARN_ABOUT_RETURN_TYPE = YES_ERROR;
				GCC_WARN_UNDECLARED_SELECTOR = YES;
				GCC_WARN_UNINITIALIZED_AUTOS = YES_AGGRESSIVE;
				GCC_WARN_UNUSED_FUNCTION = YES;
				GCC_WARN_UNUSED_VARIABLE = YES;
				IPHONEOS_DEPLOYMENT_TARGET = 16.4;
				MTL_ENABLE_DEBUG_INFO = INCLUDE_SOURCE;
				MTL_FAST_MATH = YES;
				ONLY_ACTIVE_ARCH = YES;
				SDKROOT = iphoneos;
				SWIFT_ACTIVE_COMPILATION_CONDITIONS = DEBUG;
				SWIFT_OPTIMIZATION_LEVEL = "-Onone";
			};
			name = Debug;
		};
		5722B5682A773A5700D115FB /* Release */ = {
			isa = XCBuildConfiguration;
			buildSettings = {
				ALWAYS_SEARCH_USER_PATHS = NO;
				CLANG_ANALYZER_NONNULL = YES;
				CLANG_ANALYZER_NUMBER_OBJECT_CONVERSION = YES_AGGRESSIVE;
				CLANG_CXX_LANGUAGE_STANDARD = "gnu++20";
				CLANG_ENABLE_MODULES = YES;
				CLANG_ENABLE_OBJC_ARC = YES;
				CLANG_ENABLE_OBJC_WEAK = YES;
				CLANG_WARN_BLOCK_CAPTURE_AUTORELEASING = YES;
				CLANG_WARN_BOOL_CONVERSION = YES;
				CLANG_WARN_COMMA = YES;
				CLANG_WARN_CONSTANT_CONVERSION = YES;
				CLANG_WARN_DEPRECATED_OBJC_IMPLEMENTATIONS = YES;
				CLANG_WARN_DIRECT_OBJC_ISA_USAGE = YES_ERROR;
				CLANG_WARN_DOCUMENTATION_COMMENTS = YES;
				CLANG_WARN_EMPTY_BODY = YES;
				CLANG_WARN_ENUM_CONVERSION = YES;
				CLANG_WARN_INFINITE_RECURSION = YES;
				CLANG_WARN_INT_CONVERSION = YES;
				CLANG_WARN_NON_LITERAL_NULL_CONVERSION = YES;
				CLANG_WARN_OBJC_IMPLICIT_RETAIN_SELF = YES;
				CLANG_WARN_OBJC_LITERAL_CONVERSION = YES;
				CLANG_WARN_OBJC_ROOT_CLASS = YES_ERROR;
				CLANG_WARN_QUOTED_INCLUDE_IN_FRAMEWORK_HEADER = YES;
				CLANG_WARN_RANGE_LOOP_ANALYSIS = YES;
				CLANG_WARN_STRICT_PROTOTYPES = YES;
				CLANG_WARN_SUSPICIOUS_MOVE = YES;
				CLANG_WARN_UNGUARDED_AVAILABILITY = YES_AGGRESSIVE;
				CLANG_WARN_UNREACHABLE_CODE = YES;
				CLANG_WARN__DUPLICATE_METHOD_MATCH = YES;
				COPY_PHASE_STRIP = NO;
				DEBUG_INFORMATION_FORMAT = "dwarf-with-dsym";
				ENABLE_NS_ASSERTIONS = NO;
				ENABLE_STRICT_OBJC_MSGSEND = YES;
				GCC_C_LANGUAGE_STANDARD = gnu11;
				GCC_NO_COMMON_BLOCKS = YES;
				GCC_WARN_64_TO_32_BIT_CONVERSION = YES;
				GCC_WARN_ABOUT_RETURN_TYPE = YES_ERROR;
				GCC_WARN_UNDECLARED_SELECTOR = YES;
				GCC_WARN_UNINITIALIZED_AUTOS = YES_AGGRESSIVE;
				GCC_WARN_UNUSED_FUNCTION = YES;
				GCC_WARN_UNUSED_VARIABLE = YES;
				IPHONEOS_DEPLOYMENT_TARGET = 16.4;
				MTL_ENABLE_DEBUG_INFO = NO;
				MTL_FAST_MATH = YES;
				SDKROOT = iphoneos;
				SWIFT_COMPILATION_MODE = wholemodule;
				SWIFT_OPTIMIZATION_LEVEL = "-O";
				VALIDATE_PRODUCT = YES;
			};
			name = Release;
		};
		5722B56A2A773A5700D115FB /* Debug */ = {
			isa = XCBuildConfiguration;
			buildSettings = {
				ASSETCATALOG_COMPILER_APPICON_NAME = AppIcon;
				ASSETCATALOG_COMPILER_GLOBAL_ACCENT_COLOR_NAME = AccentColor;
				CODE_SIGN_STYLE = Automatic;
				CURRENT_PROJECT_VERSION = 1;
				DEVELOPMENT_TEAM = YTV3AHP8X4;
				GENERATE_INFOPLIST_FILE = YES;
				INFOPLIST_FILE = OneLineDiary/Info.plist;
				INFOPLIST_KEY_UIApplicationSupportsIndirectInputEvents = YES;
				INFOPLIST_KEY_UILaunchStoryboardName = LaunchScreen;
				INFOPLIST_KEY_UIMainStoryboardFile = Main;
				INFOPLIST_KEY_UISupportedInterfaceOrientations_iPad = "UIInterfaceOrientationPortrait UIInterfaceOrientationPortraitUpsideDown UIInterfaceOrientationLandscapeLeft UIInterfaceOrientationLandscapeRight";
				INFOPLIST_KEY_UISupportedInterfaceOrientations_iPhone = "UIInterfaceOrientationPortrait UIInterfaceOrientationLandscapeLeft UIInterfaceOrientationLandscapeRight";
				LD_RUNPATH_SEARCH_PATHS = (
					"$(inherited)",
					"@executable_path/Frameworks",
				);
				MARKETING_VERSION = 1.0;
				PRODUCT_BUNDLE_IDENTIFIER = com.sesac.alex.OneLineDiary;
				PRODUCT_NAME = "$(TARGET_NAME)";
				SWIFT_EMIT_LOC_STRINGS = YES;
				SWIFT_VERSION = 5.0;
				TARGETED_DEVICE_FAMILY = "1,2";
			};
			name = Debug;
		};
		5722B56B2A773A5700D115FB /* Release */ = {
			isa = XCBuildConfiguration;
			buildSettings = {
				ASSETCATALOG_COMPILER_APPICON_NAME = AppIcon;
				ASSETCATALOG_COMPILER_GLOBAL_ACCENT_COLOR_NAME = AccentColor;
				CODE_SIGN_STYLE = Automatic;
				CURRENT_PROJECT_VERSION = 1;
				DEVELOPMENT_TEAM = YTV3AHP8X4;
				GENERATE_INFOPLIST_FILE = YES;
				INFOPLIST_FILE = OneLineDiary/Info.plist;
				INFOPLIST_KEY_UIApplicationSupportsIndirectInputEvents = YES;
				INFOPLIST_KEY_UILaunchStoryboardName = LaunchScreen;
				INFOPLIST_KEY_UIMainStoryboardFile = Main;
				INFOPLIST_KEY_UISupportedInterfaceOrientations_iPad = "UIInterfaceOrientationPortrait UIInterfaceOrientationPortraitUpsideDown UIInterfaceOrientationLandscapeLeft UIInterfaceOrientationLandscapeRight";
				INFOPLIST_KEY_UISupportedInterfaceOrientations_iPhone = "UIInterfaceOrientationPortrait UIInterfaceOrientationLandscapeLeft UIInterfaceOrientationLandscapeRight";
				LD_RUNPATH_SEARCH_PATHS = (
					"$(inherited)",
					"@executable_path/Frameworks",
				);
				MARKETING_VERSION = 1.0;
				PRODUCT_BUNDLE_IDENTIFIER = com.sesac.alex.OneLineDiary;
				PRODUCT_NAME = "$(TARGET_NAME)";
				SWIFT_EMIT_LOC_STRINGS = YES;
				SWIFT_VERSION = 5.0;
				TARGETED_DEVICE_FAMILY = "1,2";
			};
			name = Release;
		};
/* End XCBuildConfiguration section */

/* Begin XCConfigurationList section */
		5722B5502A773A5600D115FB /* Build configuration list for PBXProject "OneLineDiary" */ = {
			isa = XCConfigurationList;
			buildConfigurations = (
				5722B5672A773A5700D115FB /* Debug */,
				5722B5682A773A5700D115FB /* Release */,
			);
			defaultConfigurationIsVisible = 0;
			defaultConfigurationName = Release;
		};
		5722B5692A773A5700D115FB /* Build configuration list for PBXNativeTarget "OneLineDiary" */ = {
			isa = XCConfigurationList;
			buildConfigurations = (
				5722B56A2A773A5700D115FB /* Debug */,
				5722B56B2A773A5700D115FB /* Release */,
			);
			defaultConfigurationIsVisible = 0;
			defaultConfigurationName = Release;
		};
/* End XCConfigurationList section */
	};
	rootObject = 5722B54D2A773A5600D115FB /* Project object */;
}
